
Microsoft Visual Studio Solution File, Format Version 12.00
# Visual Studio Version 17
VisualStudioVersion = 17.7.34024.191
MinimumVisualStudioVersion = 10.0.40219.1
Project("{9A19103F-16F7-4668-BE54-9A1E7A4F7556}") = "ChristiansClothes", "ChristiansClothes.csproj", "{C9BEE703-5020-4C4F-A93A-2D3AA59111A2}"
EndProject
Project("{2150E333-8FDC-42A3-9474-1A3956D46DE8}") = "Solution Items", "Solution Items", "{87721E1A-C060-49F3-888E-D94550F23262}"
	ProjectSection(SolutionItems) = preProject
		ImageHelper.cs = ImageHelper.cs
	EndProjectSection
EndProject
Global
	GlobalSection(SolutionConfigurationPlatforms) = preSolution
		Debug|Any CPU = Debug|Any CPU
		Release|Any CPU = Release|Any CPU
	EndGlobalSection
	GlobalSection(ProjectConfigurationPlatforms) = postSolution
		{C9BEE703-5020-4C4F-A93A-2D3AA59111A2}.Debug|Any CPU.ActiveCfg = Debug|Any CPU
		{C9BEE703-5020-4C4F-A93A-2D3AA59111A2}.Debug|Any CPU.Build.0 = Debug|Any CPU
		{C9BEE703-5020-4C4F-A93A-2D3AA59111A2}.Release|Any CPU.ActiveCfg = Release|Any CPU
		{C9BEE703-5020-4C4F-A93A-2D3AA59111A2}.Release|Any CPU.Build.0 = Release|Any CPU
	EndGlobalSection
	GlobalSection(SolutionProperties) = preSolution
		HideSolutionNode = FALSE
	EndGlobalSection
	GlobalSection(ExtensibilityGlobals) = postSolution
		SolutionGuid = {B1867185-B411-48FF-A67B-BC62FB79F293}
	EndGlobalSection
EndGlobal
